
Microsoft Visual Studio Solution File, Format Version 12.00
# Visual Studio Version 16
VisualStudioVersion = 16.0.32407.337
MinimumVisualStudioVersion = 10.0.40219.1
Project("{FAE04EC0-301F-11D3-BF4B-00C04F79EFBC}") = "Taxi", "Taxi.csproj", "{F40F4D7E-7BB0-4266-88C2-B6E6A21953E1}"
EndProject
Global
	GlobalSection(SolutionConfigurationPlatforms) = preSolution
		Debug|Any CPU = Debug|Any CPU
		Release|Any CPU = Release|Any CPU
	EndGlobalSection
	GlobalSection(ProjectConfigurationPlatforms) = postSolution
		{F40F4D7E-7BB0-4266-88C2-B6E6A21953E1}.Debug|Any CPU.ActiveCfg = Debug|Any CPU
		{F40F4D7E-7BB0-4266-88C2-B6E6A21953E1}.Debug|Any CPU.Build.0 = Debug|Any CPU
		{F40F4D7E-7BB0-4266-88C2-B6E6A21953E1}.Release|Any CPU.ActiveCfg = Release|Any CPU
		{F40F4D7E-7BB0-4266-88C2-B6E6A21953E1}.Release|Any CPU.Build.0 = Release|Any CPU
	EndGlobalSection
	GlobalSection(SolutionProperties) = preSolution
		HideSolutionNode = FALSE
	EndGlobalSection
	GlobalSection(ExtensibilityGlobals) = postSolution
		SolutionGuid = {F57F092F-ACED-4D17-9F69-E377CC4984A9}
	EndGlobalSection
EndGlobal
